
Microsoft Visual Studio Solution File, Format Version 12.00
# Visual Studio Version 16
VisualStudioVersion = 16.0.31205.134
MinimumVisualStudioVersion = 10.0.40219.1
Project("{FAE04EC0-301F-11D3-BF4B-00C04F79EFBC}") = "calculator", "calculator\calculator.csproj", "{03433B26-DE6F-4AB0-B840-37C7BC12D4AA}"
EndProject
Global
	GlobalSection(SolutionConfigurationPlatforms) = preSolution
		Debug|Any CPU = Debug|Any CPU
		Release|Any CPU = Release|Any CPU
	EndGlobalSection
	GlobalSection(ProjectConfigurationPlatforms) = postSolution
		{03433B26-DE6F-4AB0-B840-37C7BC12D4AA}.Debug|Any CPU.ActiveCfg = Debug|Any CPU
		{03433B26-DE6F-4AB0-B840-37C7BC12D4AA}.Debug|Any CPU.Build.0 = Debug|Any CPU
		{03433B26-DE6F-4AB0-B840-37C7BC12D4AA}.Release|Any CPU.ActiveCfg = Release|Any CPU
		{03433B26-DE6F-4AB0-B840-37C7BC12D4AA}.Release|Any CPU.Build.0 = Release|Any CPU
	EndGlobalSection
	GlobalSection(SolutionProperties) = preSolution
		HideSolutionNode = FALSE
	EndGlobalSection
	GlobalSection(ExtensibilityGlobals) = postSolution
		SolutionGuid = {C1426FB2-6D8A-4089-879A-96E9165D5507}
	EndGlobalSection
EndGlobal
